<?xml version="1.0" encoding="utf-8"?>
<Project ToolsVersion="17.0" xmlns="http://schemas.microsoft.com/developer/msbuild/2003">
  <ItemGroup>
    <CustomBuild Include="C:\Dev\TakumCpp\test\build_test\CMakeFiles\e7fca223d0ac9fa6795a0bf8c06fcaee\generate.stamp.rule">
      <Filter>CMake Rules</Filter>
    </CustomBuild>
  </ItemGroup>
  <ItemGroup>
    <Filter Include="CMake Rules">
      <UniqueIdentifier>{EB0E5D36-7B8E-3342-915D-784FDD61B728}</UniqueIdentifier>
    </Filter>
  </ItemGroup>
</Project>
